
Microsoft Visual Studio Solution File, Format Version 12.00
# Visual Studio Version 17
VisualStudioVersion = 17.2.32526.322
MinimumVisualStudioVersion = 10.0.40219.1
Project("{FAE04EC0-301F-11D3-BF4B-00C04F79EFBC}") = "AppEscola", "AppEscola.csproj", "{083FF930-5E7A-42D9-9B1B-A3E72952F1D9}"
EndProject
Global
	GlobalSection(SolutionConfigurationPlatforms) = preSolution
		Debug|Any CPU = Debug|Any CPU
		Release|Any CPU = Release|Any CPU
	EndGlobalSection
	GlobalSection(ProjectConfigurationPlatforms) = postSolution
		{083FF930-5E7A-42D9-9B1B-A3E72952F1D9}.Debug|Any CPU.ActiveCfg = Debug|Any CPU
		{083FF930-5E7A-42D9-9B1B-A3E72952F1D9}.Debug|Any CPU.Build.0 = Debug|Any CPU
		{083FF930-5E7A-42D9-9B1B-A3E72952F1D9}.Release|Any CPU.ActiveCfg = Release|Any CPU
		{083FF930-5E7A-42D9-9B1B-A3E72952F1D9}.Release|Any CPU.Build.0 = Release|Any CPU
	EndGlobalSection
	GlobalSection(SolutionProperties) = preSolution
		HideSolutionNode = FALSE
	EndGlobalSection
	GlobalSection(ExtensibilityGlobals) = postSolution
		SolutionGuid = {2A1D6E24-1601-4429-89AF-DC1CBA95DA1D}
	EndGlobalSection
EndGlobal
